
Microsoft Visual Studio Solution File, Format Version 12.00
# Visual Studio Version 17
VisualStudioVersion = 17.9.34622.214
MinimumVisualStudioVersion = 10.0.40219.1
Project("{FAE04EC0-301F-11D3-BF4B-00C04F79EFBC}") = "Prrduct Management Liblery", "Prrduct Management Liblery\Prrduct Management Liblery.csproj", "{E543F34D-D318-4D8D-A537-FAA73436A3E5}"
EndProject
Global
	GlobalSection(SolutionConfigurationPlatforms) = preSolution
		Debug|Any CPU = Debug|Any CPU
		Release|Any CPU = Release|Any CPU
	EndGlobalSection
	GlobalSection(ProjectConfigurationPlatforms) = postSolution
		{E543F34D-D318-4D8D-A537-FAA73436A3E5}.Debug|Any CPU.ActiveCfg = Debug|Any CPU
		{E543F34D-D318-4D8D-A537-FAA73436A3E5}.Debug|Any CPU.Build.0 = Debug|Any CPU
		{E543F34D-D318-4D8D-A537-FAA73436A3E5}.Release|Any CPU.ActiveCfg = Release|Any CPU
		{E543F34D-D318-4D8D-A537-FAA73436A3E5}.Release|Any CPU.Build.0 = Release|Any CPU
	EndGlobalSection
	GlobalSection(SolutionProperties) = preSolution
		HideSolutionNode = FALSE
	EndGlobalSection
	GlobalSection(ExtensibilityGlobals) = postSolution
		SolutionGuid = {CE29C1BB-CCBF-4CD3-94BF-678950F80857}
	EndGlobalSection
EndGlobal
